{
  "name": "quiz",
  "version": "0.0.0",
  "lockfileVersion": 1,
  "requires": true,
  "dependencies": {
    "is-retina": {
      "version": "1.0.3",
      "resolved": "https://registry.npmjs.org/is-retina/-/is-retina-1.0.3.tgz",
      "integrity": "sha1-10AbKGvqKuN/Ykd1iN5QTQuGR+M="
    },
    "ngx-avatar": {
      "version": "4.0.0",
      "resolved": "https://registry.npmjs.org/ngx-avatar/-/ngx-avatar-4.0.0.tgz",
      "integrity": "sha512-Uk40UXl26RvDy1ori9NDsGFB+f84AaxMnsIwZA6JPJK0pLcbo3F4vZTmzLZeOusOw1Qtgk5IzF630jo06keXwQ==",
      "requires": {
        "is-retina": "^1.0.3",
        "ts-md5": "^1.2.4"
      }
    },
    "ngx-clipboard": {
      "version": "13.0.1",
      "resolved": "https://registry.npmjs.org/ngx-clipboard/-/ngx-clipboard-13.0.1.tgz",
      "integrity": "sha512-e7QBsw7bX5ajhVR2++NAaYZYw90hKeEBlb006TW85WDUA3kmlrXpMDwOvVJuRewU6Nh+U1QiQMJq5a0ivk0zWg==",
      "requires": {
        "ngx-window-token": ">=3.0.0"
      }
    },
    "ngx-window-token": {
      "version": "3.0.0",
      "resolved": "https://registry.npmjs.org/ngx-window-token/-/ngx-window-token-3.0.0.tgz",
      "integrity": "sha512-MDVIQB2SqFCbpoTqEXhO2529hsvpCYyw/iogjU6uskKqUKh79XVKWSMpRH9S1yTr0Ucgh8nFeNcpv2DnFdikJA=="
    },
    "ts-md5": {
      "version": "1.2.7",
      "resolved": "https://registry.npmjs.org/ts-md5/-/ts-md5-1.2.7.tgz",
      "integrity": "sha512-emODogvKGWi1KO1l9c6YxLMBn6CEH3VrH5mVPIyOtxBG52BvV4jP3GWz6bOZCz61nLgBc3ffQYE4+EHfCD+V7w=="
    }
  }
}
